
Microsoft Visual Studio Solution File, Format Version 12.00
# Visual Studio Version 17
VisualStudioVersion = 17.4.33403.182
MinimumVisualStudioVersion = 10.0.40219.1
Project("{FAE04EC0-301F-11D3-BF4B-00C04F79EFBC}") = "Code", "Code\Code.csproj", "{FB572219-8984-4C55-B09D-FCD5B5230101}"
EndProject
Global
	GlobalSection(SolutionConfigurationPlatforms) = preSolution
		Debug|Any CPU = Debug|Any CPU
		Release|Any CPU = Release|Any CPU
	EndGlobalSection
	GlobalSection(ProjectConfigurationPlatforms) = postSolution
		{FB572219-8984-4C55-B09D-FCD5B5230101}.Debug|Any CPU.ActiveCfg = Debug|Any CPU
		{FB572219-8984-4C55-B09D-FCD5B5230101}.Debug|Any CPU.Build.0 = Debug|Any CPU
		{FB572219-8984-4C55-B09D-FCD5B5230101}.Release|Any CPU.ActiveCfg = Release|Any CPU
		{FB572219-8984-4C55-B09D-FCD5B5230101}.Release|Any CPU.Build.0 = Release|Any CPU
	EndGlobalSection
	GlobalSection(SolutionProperties) = preSolution
		HideSolutionNode = FALSE
	EndGlobalSection
	GlobalSection(ExtensibilityGlobals) = postSolution
		SolutionGuid = {9B7E1D4F-F6B2-4D5B-BDB3-8ED0266E5D85}
	EndGlobalSection
EndGlobal
